{
  "nodes": {
    "nix-darwin": {
      "inputs": {
        "nixpkgs": [
          "nixpkgs"
        ]
      },
      "locked": {
        "lastModified": 1750325256,
        "narHash": "sha256-vvlxGz/waqJ3TGqM/iqXbnEc7/R1qnEXmaBiPaQ1RE0=",
        "owner": "LnL7",
        "repo": "nix-darwin",
        "rev": "0d71cbf88d63e938b37b85b3bf8b238bcf7b39b9",
        "type": "github"
      },
      "original": {
        "owner": "LnL7",
        "ref": "master",
        "repo": "nix-darwin",
        "type": "github"
      }
    },
    "nixpkgs": {
      "inputs": {
        "nixpkgs": "nixpkgs_2"
      },
      "locked": {
        "lastModified": 1750515815,
        "narHash": "sha256-NfmXgFzdDJTNotE4t+1CIe6Pvx5jNUzOjTcY+qc455w=",
        "owner": "numtide",
        "repo": "nixpkgs-unfree",
        "rev": "e947dfe16ad0c34602de4df22e1227761e7bb248",
        "type": "github"
      },
      "original": {
        "owner": "numtide",
        "ref": "nixpkgs-unstable",
        "repo": "nixpkgs-unfree",
        "type": "github"
      }
    },
    "nixpkgs_2": {
      "locked": {
        "lastModified": 1750386251,
        "narHash": "sha256-1ovgdmuDYVo5OUC5NzdF+V4zx2uT8RtsgZahxidBTyw=",
        "owner": "NixOS",
        "repo": "nixpkgs",
        "rev": "076e8c6678d8c54204abcb4b1b14c366835a58bb",
        "type": "github"
      },
      "original": {
        "id": "nixpkgs",
        "type": "indirect"
      }
    },
    "root": {
      "inputs": {
        "nix-darwin": "nix-darwin",
        "nixpkgs": "nixpkgs"
      }
    }
  },
  "root": "root",
  "version": 7
}
